PODS:
  - Flutter (1.0.0)
  - package_info_plus (0.4.5):
    - Flutter
  - path_provider_foundation (0.0.1):
    - Flutter
    - FlutterMacOS
  - Sentry/HybridSDK (8.7.3):
    - SentryPrivate (= 8.7.3)
  - sentry_flutter (0.0.1):
    - Flutter
    - FlutterMacOS
    - Sentry/HybridSDK (= 8.7.3)
  - SentryPrivate (8.7.3)
  - shared_preferences_foundation (0.0.1):
    - Flutter
    - FlutterMacOS

DEPENDENCIES:
  - Flutter (from `Flutter`)
  - package_info_plus (from `.symlinks/plugins/package_info_plus/ios`)
  - path_provider_foundation (from `.symlinks/plugins/path_provider_foundation/darwin`)
  - sentry_flutter (from `.symlinks/plugins/sentry_flutter/ios`)
  - shared_preferences_foundation (from `.symlinks/plugins/shared_preferences_foundation/darwin`)

SPEC REPOS:
  trunk:
    - Sentry
    - SentryPrivate

EXTERNAL SOURCES:
  Flutter:
    :path: Flutter
  package_info_plus:
    :path: ".symlinks/plugins/package_info_plus/ios"
  path_provider_foundation:
    :path: ".symlinks/plugins/path_provider_foundation/darwin"
  sentry_flutter:
    :path: ".symlinks/plugins/sentry_flutter/ios"
  shared_preferences_foundation:
    :path: ".symlinks/plugins/shared_preferences_foundation/darwin"

SPEC CHECKSUMS:
  Flutter: f04841e97a9d0b0a8025694d0796dd46242b2854
  package_info_plus: fd030dabf36271f146f1f3beacd48f564b0f17f7
  path_provider_foundation: eaf5b3e458fc0e5fbb9940fb09980e853fe058b8
  Sentry: c7a86f43510a7d5678d4de28d78c28ab351d295b
  sentry_flutter: f2710a4f537e9a7143b02562b8754ccdc8224751
  SentryPrivate: 2eaabf598a46d4b9b8822aef766df2a84caf2e6f
  shared_preferences_foundation: 5b919d13b803cadd15ed2dc053125c68730e5126

PODFILE CHECKSUM: 70d9d25280d0dd177a5f637cdb0f0b0b12c6a189

COCOAPODS: 1.12.1
